Microsoft Visual Studio Solution File, Format Version 12.00
# Visual Studio 2012
Project("{FAE04EC0-301F-11D3-BF4B-00C04F79EFBC}") = "2022 Neusta Gamejam", "2022 Neusta Gamejam.csproj", "{8D579B1D-F716-49C2-981C-90670B048870}"
EndProject
Project("{FAE04EC0-301F-11D3-BF4B-00C04F79EFBC}") = "Tests", "Tests\Tests.csproj", "{91216A5F-E90E-4A12-91FC-8DA620169649}"
EndProject
Global
	GlobalSection(SolutionConfigurationPlatforms) = preSolution
	Debug|Any CPU = Debug|Any CPU
	ExportDebug|Any CPU = ExportDebug|Any CPU
	ExportRelease|Any CPU = ExportRelease|Any CPU
	EndGlobalSection
	GlobalSection(ProjectConfigurationPlatforms) = postSolution
		{8D579B1D-F716-49C2-981C-90670B048870}.Debug|Any CPU.ActiveCfg = Debug|Any CPU
		{8D579B1D-F716-49C2-981C-90670B048870}.Debug|Any CPU.Build.0 = Debug|Any CPU
		{8D579B1D-F716-49C2-981C-90670B048870}.ExportDebug|Any CPU.ActiveCfg = ExportDebug|Any CPU
		{8D579B1D-F716-49C2-981C-90670B048870}.ExportDebug|Any CPU.Build.0 = ExportDebug|Any CPU
		{8D579B1D-F716-49C2-981C-90670B048870}.ExportRelease|Any CPU.ActiveCfg = ExportRelease|Any CPU
		{8D579B1D-F716-49C2-981C-90670B048870}.ExportRelease|Any CPU.Build.0 = ExportRelease|Any CPU
		{91216A5F-E90E-4A12-91FC-8DA620169649}.Debug|Any CPU.ActiveCfg = Debug|Any CPU
		{91216A5F-E90E-4A12-91FC-8DA620169649}.Debug|Any CPU.Build.0 = Debug|Any CPU
		{91216A5F-E90E-4A12-91FC-8DA620169649}.ExportDebug|Any CPU.ActiveCfg = Debug|Any CPU
		{91216A5F-E90E-4A12-91FC-8DA620169649}.ExportDebug|Any CPU.Build.0 = Debug|Any CPU
		{91216A5F-E90E-4A12-91FC-8DA620169649}.ExportRelease|Any CPU.ActiveCfg = Debug|Any CPU
		{91216A5F-E90E-4A12-91FC-8DA620169649}.ExportRelease|Any CPU.Build.0 = Debug|Any CPU
	EndGlobalSection
EndGlobal
